
Microsoft Visual Studio Solution File, Format Version 12.00
# Visual Studio 15
VisualStudioVersion = 15.0.26730.12
MinimumVisualStudioVersion = 10.0.40219.1
Project("{8BC9CEB8-8B4A-11D0-8D11-00A0C91BC942}") = "GearRiders", "GearRiders\GearRiders.vcxproj", "{689B015C-54FF-4C53-BC68-E3A26E9901DE}"
EndProject
Global
	GlobalSection(SolutionConfigurationPlatforms) = preSolution
		Debug|x64 = Debug|x64
		Debug|x86 = Debug|x86
		Release|x64 = Release|x64
		Release|x86 = Release|x86
	EndGlobalSection
	GlobalSection(ProjectConfigurationPlatforms) = postSolution
		{689B015C-54FF-4C53-BC68-E3A26E9901DE}.Debug|x64.ActiveCfg = Debug|x64
		{689B015C-54FF-4C53-BC68-E3A26E9901DE}.Debug|x64.Build.0 = Debug|x64
		{689B015C-54FF-4C53-BC68-E3A26E9901DE}.Debug|x86.ActiveCfg = Debug|Win32
		{689B015C-54FF-4C53-BC68-E3A26E9901DE}.Debug|x86.Build.0 = Debug|Win32
		{689B015C-54FF-4C53-BC68-E3A26E9901DE}.Release|x64.ActiveCfg = Release|x64
		{689B015C-54FF-4C53-BC68-E3A26E9901DE}.Release|x64.Build.0 = Release|x64
		{689B015C-54FF-4C53-BC68-E3A26E9901DE}.Release|x86.ActiveCfg = Release|Win32
		{689B015C-54FF-4C53-BC68-E3A26E9901DE}.Release|x86.Build.0 = Release|Win32
	EndGlobalSection
	GlobalSection(SolutionProperties) = preSolution
		HideSolutionNode = FALSE
	EndGlobalSection
	GlobalSection(ExtensibilityGlobals) = postSolution
		SolutionGuid = {2A9D32E9-D2F1-496A-B930-88237CC23B15}
	EndGlobalSection
EndGlobal
