
Microsoft Visual Studio Solution File, Format Version 12.00
# Visual Studio 2017
Project("{FAE04EC0-301F-11D3-BF4B-00C04F79EFBC}") = "Unity_Sample", "Unity_Sample.csproj", "{89259052-2F69-B94B-46CD-F3C65CC98663}"
EndProject
Global
	GlobalSection(SolutionConfigurationPlatforms) = preSolution
		Debug|Any CPU = Debug|Any CPU
		Release|Any CPU = Release|Any CPU
	EndGlobalSection
	GlobalSection(ProjectConfigurationPlatforms) = postSolution
		{89259052-2F69-B94B-46CD-F3C65CC98663}.Debug|Any CPU.ActiveCfg = Debug|Any CPU
		{89259052-2F69-B94B-46CD-F3C65CC98663}.Debug|Any CPU.Build.0 = Debug|Any CPU
		{89259052-2F69-B94B-46CD-F3C65CC98663}.Release|Any CPU.ActiveCfg = Release|Any CPU
		{89259052-2F69-B94B-46CD-F3C65CC98663}.Release|Any CPU.Build.0 = Release|Any CPU
	EndGlobalSection
	GlobalSection(SolutionProperties) = preSolution
		HideSolutionNode = FALSE
	EndGlobalSection
EndGlobal
