
Microsoft Visual Studio Solution File, Format Version 12.00
# Visual Studio 15
VisualStudioVersion = 15.0.26730.12
MinimumVisualStudioVersion = 10.0.40219.1
Project("{FAE04EC0-301F-11D3-BF4B-00C04F79EFBC}") = "GearSDK_CSharpDLL", "GearSDK_CSharpDLL\GearSDK_CSharpDLL.csproj", "{CF936734-AE01-4F90-A665-383298DD799B}"
EndProject
Project("{FAE04EC0-301F-11D3-BF4B-00C04F79EFBC}") = "DLLTest", "DLLTest\DLLTest.csproj", "{958A4103-B6CB-4510-817D-48FC1540EF70}"
EndProject
Global
	GlobalSection(SolutionConfigurationPlatforms) = preSolution
		Debug|Any CPU = Debug|Any CPU
		Debug|x64 = Debug|x64
		Debug|x86 = Debug|x86
		Release|Any CPU = Release|Any CPU
		Release|x64 = Release|x64
		Release|x86 = Release|x86
	EndGlobalSection
	GlobalSection(ProjectConfigurationPlatforms) = postSolution
		{CF936734-AE01-4F90-A665-383298DD799B}.Debug|Any CPU.ActiveCfg = Debug|Any CPU
		{CF936734-AE01-4F90-A665-383298DD799B}.Debug|Any CPU.Build.0 = Debug|Any CPU
		{CF936734-AE01-4F90-A665-383298DD799B}.Debug|x64.ActiveCfg = Debug|Any CPU
		{CF936734-AE01-4F90-A665-383298DD799B}.Debug|x64.Build.0 = Debug|Any CPU
		{CF936734-AE01-4F90-A665-383298DD799B}.Debug|x86.ActiveCfg = Debug|Any CPU
		{CF936734-AE01-4F90-A665-383298DD799B}.Debug|x86.Build.0 = Debug|Any CPU
		{CF936734-AE01-4F90-A665-383298DD799B}.Release|Any CPU.ActiveCfg = Release|Any CPU
		{CF936734-AE01-4F90-A665-383298DD799B}.Release|Any CPU.Build.0 = Release|Any CPU
		{CF936734-AE01-4F90-A665-383298DD799B}.Release|x64.ActiveCfg = Release|Any CPU
		{CF936734-AE01-4F90-A665-383298DD799B}.Release|x64.Build.0 = Release|Any CPU
		{CF936734-AE01-4F90-A665-383298DD799B}.Release|x86.ActiveCfg = Release|Any CPU
		{CF936734-AE01-4F90-A665-383298DD799B}.Release|x86.Build.0 = Release|Any CPU
		{958A4103-B6CB-4510-817D-48FC1540EF70}.Debug|Any CPU.ActiveCfg = Debug|Any CPU
		{958A4103-B6CB-4510-817D-48FC1540EF70}.Debug|Any CPU.Build.0 = Debug|Any CPU
		{958A4103-B6CB-4510-817D-48FC1540EF70}.Debug|x64.ActiveCfg = Debug|Any CPU
		{958A4103-B6CB-4510-817D-48FC1540EF70}.Debug|x64.Build.0 = Debug|Any CPU
		{958A4103-B6CB-4510-817D-48FC1540EF70}.Debug|x86.ActiveCfg = Debug|Any CPU
		{958A4103-B6CB-4510-817D-48FC1540EF70}.Debug|x86.Build.0 = Debug|Any CPU
		{958A4103-B6CB-4510-817D-48FC1540EF70}.Release|Any CPU.ActiveCfg = Release|Any CPU
		{958A4103-B6CB-4510-817D-48FC1540EF70}.Release|Any CPU.Build.0 = Release|Any CPU
		{958A4103-B6CB-4510-817D-48FC1540EF70}.Release|x64.ActiveCfg = Release|Any CPU
		{958A4103-B6CB-4510-817D-48FC1540EF70}.Release|x64.Build.0 = Release|Any CPU
		{958A4103-B6CB-4510-817D-48FC1540EF70}.Release|x86.ActiveCfg = Release|Any CPU
		{958A4103-B6CB-4510-817D-48FC1540EF70}.Release|x86.Build.0 = Release|Any CPU
	EndGlobalSection
	GlobalSection(SolutionProperties) = preSolution
		HideSolutionNode = FALSE
	EndGlobalSection
	GlobalSection(ExtensibilityGlobals) = postSolution
		SolutionGuid = {646483AC-CEA6-4956-9096-462302CDCB80}
	EndGlobalSection
EndGlobal
