<?xml version="1.0" encoding="utf-8"?>
<Project ToolsVersion="4.0" xmlns="http://schemas.microsoft.com/developer/msbuild/2003">
  <ItemGroup>
    <Filter Include="Source Files">
      <UniqueIdentifier>{4FC737F1-C7A5-4376-A066-2A32D752A2FF}</UniqueIdentifier>
      <Extensions>cpp;c;cc;cxx;def;odl;idl;hpj;bat;asm;asmx</Extensions>
    </Filter>
    <Filter Include="Header Files">
      <UniqueIdentifier>{93995380-89BD-4b04-88EB-625FBE52EBFB}</UniqueIdentifier>
      <Extensions>h;hh;hpp;hxx;hm;inl;inc;xsd</Extensions>
    </Filter>
    <Filter Include="Resource Files">
      <UniqueIdentifier>{67DA6AB6-F800-4c08-8B7A-83BB121AAD01}</UniqueIdentifier>
      <Extensions>rc;ico;cur;bmp;dlg;rc2;rct;bin;rgs;gif;jpg;jpeg;jpe;resx;tiff;tif;png;wav;mfcribbon-ms</Extensions>
    </Filter>
    <Filter Include="GearSDK">
      <UniqueIdentifier>{504827b6-8549-4382-987a-0d8fd105fbe9}</UniqueIdentifier>
    </Filter>
    <Filter Include="GearSDK\GearObjects">
      <UniqueIdentifier>{1dbdc8b9-e575-4003-8cc3-9da6cecd8c40}</UniqueIdentifier>
    </Filter>
  </ItemGroup>
  <ItemGroup>
    <ClCompile Include="..\Dependencies\GearSDK_CPP\Cpp_Client.cpp">
      <Filter>GearSDK</Filter>
    </ClCompile>
    <ClCompile Include="..\Dependencies\GearSDK_CPP\cpp_Connection.cpp">
      <Filter>GearSDK</Filter>
    </ClCompile>
    <ClCompile Include="..\Dependencies\GearSDK_CPP\cpp_Wrapper.cpp">
      <Filter>GearSDK</Filter>
    </ClCompile>
    <ClCompile Include="..\Dependencies\GearSDK_CPP\Gear_Objects\Gear_Button_cpp.cpp">
      <Filter>GearSDK\GearObjects</Filter>
    </ClCompile>
    <ClCompile Include="..\Dependencies\GearSDK_CPP\Gear_Objects\Gear_HallEffect_cpp.cpp">
      <Filter>GearSDK\GearObjects</Filter>
    </ClCompile>
    <ClCompile Include="..\Dependencies\GearSDK_CPP\Gear_Objects\Gear_MPU6050_cpp.cpp">
      <Filter>GearSDK\GearObjects</Filter>
    </ClCompile>
    <ClCompile Include="..\Dependencies\GearSDK_CPP\Gear_Objects\Gear_Potentiometer_cpp.cpp">
      <Filter>GearSDK\GearObjects</Filter>
    </ClCompile>
    <ClCompile Include="..\Dependencies\GearSDK_CPP\Gear_Objects\Gear_PulseDetector_cpp.cpp">
      <Filter>GearSDK\GearObjects</Filter>
    </ClCompile>
    <ClCompile Include="..\Dependencies\GearSDK_CPP\Gear_Objects\Gear_RGBLed_cpp.cpp">
      <Filter>GearSDK\GearObjects</Filter>
    </ClCompile>
    <ClCompile Include="..\Dependencies\GearSDK_CPP\Gear_Objects\Gear_Servo_cpp.cpp">
      <Filter>GearSDK\GearObjects</Filter>
    </ClCompile>
    <ClCompile Include="gearSDKWrapper.cpp">
      <Filter>Source Files</Filter>
    </ClCompile>
  </ItemGroup>
  <ItemGroup>
    <ClInclude Include="..\Dependencies\GearSDK_CPP\Cpp_Client.h">
      <Filter>GearSDK</Filter>
    </ClInclude>
    <ClInclude Include="..\Dependencies\GearSDK_CPP\cpp_Connection.h">
      <Filter>GearSDK</Filter>
    </ClInclude>
    <ClInclude Include="..\Dependencies\GearSDK_CPP\cpp_Wrapper.h">
      <Filter>GearSDK</Filter>
    </ClInclude>
    <ClInclude Include="..\Dependencies\GearSDK_CPP\Helper.h">
      <Filter>GearSDK</Filter>
    </ClInclude>
    <ClInclude Include="..\Dependencies\GearSDK_CPP\Gear_Objects\Gear_Button_cpp.h">
      <Filter>GearSDK\GearObjects</Filter>
    </ClInclude>
    <ClInclude Include="..\Dependencies\GearSDK_CPP\Gear_Objects\Gear_HallEffect_cpp.h">
      <Filter>GearSDK\GearObjects</Filter>
    </ClInclude>
    <ClInclude Include="..\Dependencies\GearSDK_CPP\Gear_Objects\Gear_MPU6050_cpp.h">
      <Filter>GearSDK\GearObjects</Filter>
    </ClInclude>
    <ClInclude Include="..\Dependencies\GearSDK_CPP\Gear_Objects\Gear_Potentiometer_cpp.h">
      <Filter>GearSDK\GearObjects</Filter>
    </ClInclude>
    <ClInclude Include="..\Dependencies\GearSDK_CPP\Gear_Objects\Gear_PulseDetector_cpp.h">
      <Filter>GearSDK\GearObjects</Filter>
    </ClInclude>
    <ClInclude Include="..\Dependencies\GearSDK_CPP\Gear_Objects\Gear_RGBLed_cpp.h">
      <Filter>GearSDK\GearObjects</Filter>
    </ClInclude>
    <ClInclude Include="..\Dependencies\GearSDK_CPP\Gear_Objects\Gear_Servo_cpp.h">
      <Filter>GearSDK\GearObjects</Filter>
    </ClInclude>
    <ClInclude Include="gearSDKWrapper.h">
      <Filter>Header Files</Filter>
    </ClInclude>
  </ItemGroup>
</Project>